
Microsoft Visual Studio Solution File, Format Version 12.00
# Visual Studio Version 16
VisualStudioVersion = 16.0.28803.540
MinimumVisualStudioVersion = 10.0.40219.1
Project("{FAE04EC0-301F-11D3-BF4B-00C04F79EFBC}") = "RNAspNetCore", "RNAspNetCore\RNAspNetCore.csproj", "{74FDA1D7-992D-454E-97EC-DC18762A1B10}"
EndProject
Global
	GlobalSection(SolutionConfigurationPlatforms) = preSolution
		Debug|Any CPU = Debug|Any CPU
		Release|Any CPU = Release|Any CPU
	EndGlobalSection
	GlobalSection(ProjectConfigurationPlatforms) = postSolution
		{74FDA1D7-992D-454E-97EC-DC18762A1B10}.Debug|Any CPU.ActiveCfg = Debug|Any CPU
		{74FDA1D7-992D-454E-97EC-DC18762A1B10}.Debug|Any CPU.Build.0 = Debug|Any CPU
		{74FDA1D7-992D-454E-97EC-DC18762A1B10}.Release|Any CPU.ActiveCfg = Release|Any CPU
		{74FDA1D7-992D-454E-97EC-DC18762A1B10}.Release|Any CPU.Build.0 = Release|Any CPU
	EndGlobalSection
	GlobalSection(SolutionProperties) = preSolution
		HideSolutionNode = FALSE
	EndGlobalSection
	GlobalSection(ExtensibilityGlobals) = postSolution
		SolutionGuid = {C51DA63A-23B7-4AC3-B594-792A78CE6EF8}
	EndGlobalSection
EndGlobal
